// !$*UTF8*$!
{
	archiveVersion = 1;
	classes = {
	};
	objectVersion = 56;
	objects = {

/* Begin PBXBuildFile section */
		A10000000000000000000001 /* QualifiedAppApp.swift in Sources */ = {isa = PBXBuildFile; fileRef = A10000000000000000000002 /* QualifiedAppApp.swift */; };
		A10000000000000000000003 /* ContentView.swift in Sources */ = {isa = PBXBuildFile; fileRef = A10000000000000000000004 /* ContentView.swift */; };
		A10000000000000000000005 /* Assets.xcassets in Resources */ = {isa = PBXBuildFile; fileRef = A10000000000000000000006 /* Assets.xcassets */; };
		A10000000000000000000007 /* DataExtractor.swift in Sources */ = {isa = PBXBuildFile; fileRef = A10000000000000000000008 /* DataExtractor.swift */; };
		A10000000000000000000009 /* DatabaseManager.swift in Sources */ = {isa = PBXBuildFile; fileRef = A10000000000000000000010 /* DatabaseManager.swift */; };
		A10000000000000000000066 /* DatabaseService.swift in Sources */ = {isa = PBXBuildFile; fileRef = A10000000000000000000067 /* DatabaseService.swift */; };
		A10000000000000000000011 /* StatsViewModel.swift in Sources */ = {isa = PBXBuildFile; fileRef = A10000000000000000000012 /* StatsViewModel.swift */; };
		A10000000000000000000040 /* quantified_core.swift in Sources */ = {isa = PBXBuildFile; fileRef = A10000000000000000000041 /* quantified_core.swift */; };
		A10000000000000000000044 /* libquantified_core.dylib in Frameworks */ = {isa = PBXBuildFile; fileRef = A10000000000000000000045 /* libquantified_core.dylib */; };
		A10000000000000000000050 /* DateRangePicker.swift in Sources */ = {isa = PBXBuildFile; fileRef = A10000000000000000000051 /* DateRangePicker.swift */; };
		A10000000000000000000052 /* DashboardView.swift in Sources */ = {isa = PBXBuildFile; fileRef = A10000000000000000000053 /* DashboardView.swift */; };
		A10000000000000000000054 /* OverviewTab.swift in Sources */ = {isa = PBXBuildFile; fileRef = A10000000000000000000055 /* OverviewTab.swift */; };
		A10000000000000000000056 /* MessagesTab.swift in Sources */ = {isa = PBXBuildFile; fileRef = A10000000000000000000057 /* MessagesTab.swift */; };
		A10000000000000000000058 /* MessagesDetailSheet.swift in Sources */ = {isa = PBXBuildFile; fileRef = A10000000000000000000059 /* MessagesDetailSheet.swift */; };
		A10000000000000000000060 /* BrowserTab.swift in Sources */ = {isa = PBXBuildFile; fileRef = A10000000000000000000061 /* BrowserTab.swift */; };
		A10000000000000000000062 /* BrowserDetailSheet.swift in Sources */ = {isa = PBXBuildFile; fileRef = A10000000000000000000063 /* BrowserDetailSheet.swift */; };
		A10000000000000000000064 /* SystemTab.swift in Sources */ = {isa = PBXBuildFile; fileRef = A10000000000000000000065 /* SystemTab.swift */; };
/* End PBXBuildFile section */

/* Begin PBXFileReference section */
		A10000000000000000000013 /* QualifiedApp.app */ = {isa = PBXFileReference; explicitFileType = wrapper.application; includeInIndex = 0; path = QualifiedApp.app; sourceTree = BUILT_PRODUCTS_DIR; };
		A10000000000000000000002 /* QualifiedAppApp.swift */ = {isa = PBXFileReference; lastKnownFileType = sourcecode.swift; path = QualifiedAppApp.swift; sourceTree = "<group>"; };
		A10000000000000000000004 /* ContentView.swift */ = {isa = PBXFileReference; lastKnownFileType = sourcecode.swift; path = ContentView.swift; sourceTree = "<group>"; };
		A10000000000000000000006 /* Assets.xcassets */ = {isa = PBXFileReference; lastKnownFileType = folder.assetcatalog; path = Assets.xcassets; sourceTree = "<group>"; };
		A10000000000000000000014 /* QualifiedApp.entitlements */ = {isa = PBXFileReference; lastKnownFileType = text.plist.entitlements; path = QualifiedApp.entitlements; sourceTree = "<group>"; };
		A10000000000000000000047 /* Info.plist */ = {isa = PBXFileReference; lastKnownFileType = text.plist.xml; path = Info.plist; sourceTree = "<group>"; };
		A10000000000000000000008 /* DataExtractor.swift */ = {isa = PBXFileReference; lastKnownFileType = sourcecode.swift; path = DataExtractor.swift; sourceTree = "<group>"; };
		A10000000000000000000010 /* DatabaseManager.swift */ = {isa = PBXFileReference; lastKnownFileType = sourcecode.swift; path = DatabaseManager.swift; sourceTree = "<group>"; };
		A10000000000000000000067 /* DatabaseService.swift */ = {isa = PBXFileReference; lastKnownFileType = sourcecode.swift; path = DatabaseService.swift; sourceTree = "<group>"; };
		A10000000000000000000012 /* StatsViewModel.swift */ = {isa = PBXFileReference; lastKnownFileType = sourcecode.swift; path = StatsViewModel.swift; sourceTree = "<group>"; };
		A10000000000000000000041 /* quantified_core.swift */ = {isa = PBXFileReference; lastKnownFileType = sourcecode.swift; path = Generated/quantified_core.swift; sourceTree = "<group>"; };
		A10000000000000000000042 /* quantified_coreFFI.h */ = {isa = PBXFileReference; lastKnownFileType = sourcecode.c.h; path = Generated/quantified_coreFFI.h; sourceTree = "<group>"; };
		A10000000000000000000045 /* libquantified_core.dylib */ = {isa = PBXFileReference; lastKnownFileType = "compiled.mach-o.dylib"; name = libquantified_core.dylib; path = "QualifiedApp.app/Contents/Frameworks/libquantified_core.dylib"; sourceTree = BUILT_PRODUCTS_DIR; };
		A10000000000000000000051 /* DateRangePicker.swift */ = {isa = PBXFileReference; lastKnownFileType = sourcecode.swift; path = DateRangePicker.swift; sourceTree = "<group>"; };
		A10000000000000000000053 /* DashboardView.swift */ = {isa = PBXFileReference; lastKnownFileType = sourcecode.swift; path = DashboardView.swift; sourceTree = "<group>"; };
		A10000000000000000000055 /* OverviewTab.swift */ = {isa = PBXFileReference; lastKnownFileType = sourcecode.swift; path = OverviewTab.swift; sourceTree = "<group>"; };
		A10000000000000000000057 /* MessagesTab.swift */ = {isa = PBXFileReference; lastKnownFileType = sourcecode.swift; path = MessagesTab.swift; sourceTree = "<group>"; };
		A10000000000000000000059 /* MessagesDetailSheet.swift */ = {isa = PBXFileReference; lastKnownFileType = sourcecode.swift; path = MessagesDetailSheet.swift; sourceTree = "<group>"; };
		A10000000000000000000061 /* BrowserTab.swift */ = {isa = PBXFileReference; lastKnownFileType = sourcecode.swift; path = BrowserTab.swift; sourceTree = "<group>"; };
		A10000000000000000000063 /* BrowserDetailSheet.swift */ = {isa = PBXFileReference; lastKnownFileType = sourcecode.swift; path = BrowserDetailSheet.swift; sourceTree = "<group>"; };
		A10000000000000000000065 /* SystemTab.swift */ = {isa = PBXFileReference; lastKnownFileType = sourcecode.swift; path = SystemTab.swift; sourceTree = "<group>"; };
/* End PBXFileReference section */

/* Begin PBXFrameworksBuildPhase section */
		A10000000000000000000015 /* Frameworks */ = {
			isa = PBXFrameworksBuildPhase;
			buildActionMask = 2147483647;
			files = (
				A10000000000000000000044 /* libquantified_core.dylib in Frameworks */,
			);
			runOnlyForDeploymentPostprocessing = 0;
		};
/* End PBXFrameworksBuildPhase section */

/* Begin PBXGroup section */
		A10000000000000000000016 = {
			isa = PBXGroup;
			children = (
				A10000000000000000000017 /* QualifiedApp */,
				A10000000000000000000018 /* Products */,
				A10000000000000000000046 /* Frameworks */,
			);
			sourceTree = "<group>";
		};
		A10000000000000000000017 /* QualifiedApp */ = {
			isa = PBXGroup;
			children = (
				A10000000000000000000002 /* QualifiedAppApp.swift */,
				A10000000000000000000004 /* ContentView.swift */,
				A10000000000000000000012 /* StatsViewModel.swift */,
				A10000000000000000000008 /* DataExtractor.swift */,
				A10000000000000000000010 /* DatabaseManager.swift */,
				A10000000000000000000067 /* DatabaseService.swift */,
				A10000000000000000000048 /* Views */,
				A10000000000000000000041 /* quantified_core.swift */,
				A10000000000000000000042 /* quantified_coreFFI.h */,
				A10000000000000000000006 /* Assets.xcassets */,
				A10000000000000000000014 /* QualifiedApp.entitlements */,
				A10000000000000000000047 /* Info.plist */,
);
			path = QualifiedApp;
			sourceTree = "<group>";
		};
		A10000000000000000000048 /* Views */ = {
			isa = PBXGroup;
			children = (
				A10000000000000000000051 /* DateRangePicker.swift */,
				A10000000000000000000053 /* DashboardView.swift */,
				A10000000000000000000055 /* OverviewTab.swift */,
				A10000000000000000000057 /* MessagesTab.swift */,
				A10000000000000000000059 /* MessagesDetailSheet.swift */,
				A10000000000000000000061 /* BrowserTab.swift */,
				A10000000000000000000063 /* BrowserDetailSheet.swift */,
				A10000000000000000000065 /* SystemTab.swift */,
			);
			path = Views;
			sourceTree = "<group>";
		};
		A10000000000000000000018 /* Products */ = {
			isa = PBXGroup;
			children = (
				A10000000000000000000013 /* QualifiedApp.app */,
			);
			name = Products;
			sourceTree = "<group>";
		};
		A10000000000000000000046 /* Frameworks */ = {
			isa = PBXGroup;
			children = (
				A10000000000000000000045 /* libquantified_core.dylib */,
			);
			name = Frameworks;
			sourceTree = "<group>";
		};
/* End PBXGroup section */

/* Begin PBXNativeTarget section */
		A10000000000000000000019 /* QualifiedApp */ = {
			isa = PBXNativeTarget;
			buildConfigurationList = A10000000000000000000020 /* Build configuration list for PBXNativeTarget "QualifiedApp" */;
			buildPhases = (
				A10000000000000000000031 /* Build Rust and Generate Bindings */,
				A10000000000000000000021 /* Sources */,
				A10000000000000000000015 /* Frameworks */,
				A10000000000000000000022 /* Resources */,
			);
			buildRules = (
			);
			dependencies = (
			);
			name = QualifiedApp;
			productName = QualifiedApp;
			productReference = A10000000000000000000013 /* QualifiedApp.app */;
			productType = "com.apple.product-type.application";
		};
/* End PBXNativeTarget section */

/* Begin PBXProject section */
		A10000000000000000000023 /* Project object */ = {
			isa = PBXProject;
			attributes = {
				BuildIndependentTargetsInParallel = 1;
				LastSwiftUpdateCheck = 1500;
				LastUpgradeCheck = 1500;
				TargetAttributes = {
					A10000000000000000000019 = {
						CreatedOnToolsVersion = 15.0;
					};
				};
			};
			buildConfigurationList = A10000000000000000000024 /* Build configuration list for PBXProject "QualifiedApp" */;
			compatibilityVersion = "Xcode 14.0";
			developmentRegion = en;
			hasScannedForEncodings = 0;
			knownRegions = (
				en,
				Base,
			);
			mainGroup = A10000000000000000000016;
			productRefGroup = A10000000000000000000018 /* Products */;
			projectDirPath = "";
			projectRoot = "";
			targets = (
				A10000000000000000000019 /* QualifiedApp */,
			);
		};
/* End PBXProject section */

/* Begin PBXResourcesBuildPhase section */
		A10000000000000000000022 /* Resources */ = {
			isa = PBXResourcesBuildPhase;
			buildActionMask = 2147483647;
			files = (
				A10000000000000000000005 /* Assets.xcassets in Resources */,
			);
			runOnlyForDeploymentPostprocessing = 0;
		};
/* End PBXResourcesBuildPhase section */

/* Begin PBXShellScriptBuildPhase section */
		A10000000000000000000031 /* Build Rust and Generate Bindings */ = {
			isa = PBXShellScriptBuildPhase;
			buildActionMask = 2147483647;
			files = (
			);
			inputFileListPaths = (
			);
			inputPaths = (
			);
			name = "Build Rust and Generate Bindings";
			outputFileListPaths = (
			);
			outputPaths = (
				"$(PROJECT_DIR)/QualifiedApp/Generated/quantified_core.swift",
				"$(PROJECT_DIR)/QualifiedApp/Generated/quantified_coreFFI.h",
				"$(PROJECT_DIR)/QualifiedApp/Generated/quantified_coreFFI.modulemap",
			);
			runOnlyForDeploymentPostprocessing = 0;
			shellPath = /bin/bash;
			shellScript = "set -e\n\nexport PATH=\"$HOME/.cargo/bin:$PATH\"\n\necho \"🦀 Building Rust library and generating Swift bindings...\"\n\ncd \"${PROJECT_DIR}/../quantified-core\"\n\n# Determine build configuration\nif [ \"${CONFIGURATION}\" == \"Debug\" ]; then\n    TARGET_DIR=\"debug\"\n    cargo build --lib\nelse\n    TARGET_DIR=\"release\"\n    cargo build --lib --release\nfi\n\nLIB_PATH=\"target/${TARGET_DIR}/libquantified_core.dylib\"\nOUT_DIR=\"${PROJECT_DIR}/QualifiedApp/Generated\"\n\nmkdir -p \"$OUT_DIR\"\n\n# Ensure uniffi-bindgen is installed (only installs if missing)\nif ! command -v uniffi-bindgen &> /dev/null; then\n    echo \"⚙️  Installing uniffi-bindgen 0.28.3 (one-time setup)...\"\n    cargo install --git https://github.com/mozilla/uniffi-rs --tag v0.28.3 uniffi-bindgen-cli\nfi\n\n# Generate Swift bindings\nuniffi-bindgen generate \\\n    --library \"$LIB_PATH\" \\\n    --language swift \\\n    --out-dir \"$OUT_DIR\"\n\n# Copy dylib to app bundle\nDEST=\"${BUILT_PRODUCTS_DIR}/${PRODUCT_NAME}.app/Contents/Frameworks\"\nmkdir -p \"$DEST\"\ncp \"$LIB_PATH\" \"$DEST/\"\n\necho \"✅ Rust library built and copied to app bundle\"\n";
			showEnvVarsInLog = 0;
		};
/* End PBXShellScriptBuildPhase section */

/* Begin PBXSourcesBuildPhase section */
		A10000000000000000000021 /* Sources */ = {
			isa = PBXSourcesBuildPhase;
			buildActionMask = 2147483647;
			files = (
				A10000000000000000000003 /* ContentView.swift in Sources */,
				A10000000000000000000001 /* QualifiedAppApp.swift in Sources */,
				A10000000000000000000007 /* DataExtractor.swift in Sources */,
				A10000000000000000000009 /* DatabaseManager.swift in Sources */,
				A10000000000000000000066 /* DatabaseService.swift in Sources */,
				A10000000000000000000011 /* StatsViewModel.swift in Sources */,
				A10000000000000000000040 /* quantified_core.swift in Sources */,
				A10000000000000000000050 /* DateRangePicker.swift in Sources */,
				A10000000000000000000052 /* DashboardView.swift in Sources */,
				A10000000000000000000054 /* OverviewTab.swift in Sources */,
				A10000000000000000000056 /* MessagesTab.swift in Sources */,
				A10000000000000000000058 /* MessagesDetailSheet.swift in Sources */,
				A10000000000000000000060 /* BrowserTab.swift in Sources */,
				A10000000000000000000062 /* BrowserDetailSheet.swift in Sources */,
				A10000000000000000000064 /* SystemTab.swift in Sources */,
);
			runOnlyForDeploymentPostprocessing = 0;
		};
/* End PBXSourcesBuildPhase section */

/* Begin XCBuildConfiguration section */
		A10000000000000000000025 /* Debug */ = {
			isa = XCBuildConfiguration;
			buildSettings = {
				ALWAYS_SEARCH_USER_PATHS = NO;
				ASSETCATALOG_COMPILER_GENERATE_SWIFT_ASSET_SYMBOL_EXTENSIONS = YES;
				CLANG_ANALYZER_NONNULL = YES;
				CLANG_ANALYZER_NUMBER_OBJECT_CONVERSION = YES_AGGRESSIVE;
				CLANG_CXX_LANGUAGE_STANDARD = "gnu++20";
				CLANG_ENABLE_MODULES = YES;
				HEADER_SEARCH_PATHS = "$(inherited) $(PROJECT_DIR)/QualifiedApp/Generated";
				OTHER_SWIFT_FLAGS = "$(inherited) -Xcc -fmodule-map-file=$(PROJECT_DIR)/QualifiedApp/Generated/quantified_coreFFI.modulemap";
				CLANG_ENABLE_OBJC_ARC = YES;
				CLANG_ENABLE_OBJC_WEAK = YES;
				CLANG_WARN_BLOCK_CAPTURE_AUTORELEASING = YES;
				CLANG_WARN_BOOL_CONVERSION = YES;
				CLANG_WARN_COMMA = YES;
				CLANG_WARN_CONSTANT_CONVERSION = YES;
				CLANG_WARN_DEPRECATED_OBJC_IMPLEMENTATIONS = YES;
				CLANG_WARN_DIRECT_OBJC_ISA_USAGE = YES_ERROR;
				CLANG_WARN_DOCUMENTATION_COMMENTS = YES;
				CLANG_WARN_EMPTY_BODY = YES;
				CLANG_WARN_ENUM_CONVERSION = YES;
				CLANG_WARN_INFINITE_RECURSION = YES;
				CLANG_WARN_INT_CONVERSION = YES;
				CLANG_WARN_NON_LITERAL_NULL_CONVERSION = YES;
				CLANG_WARN_OBJC_IMPLICIT_RETAIN_SELF = YES;
				CLANG_WARN_OBJC_LITERAL_CONVERSION = YES;
				CLANG_WARN_OBJC_ROOT_CLASS = YES_ERROR;
				CLANG_WARN_QUOTED_INCLUDE_IN_FRAMEWORK_HEADER = YES;
				CLANG_WARN_RANGE_LOOP_ANALYSIS = YES;
				CLANG_WARN_STRICT_PROTOTYPES = YES;
				CLANG_WARN_SUSPICIOUS_MOVE = YES;
				CLANG_WARN_UNGUARDED_AVAILABILITY = YES_AGGRESSIVE;
				CLANG_WARN_UNREACHABLE_CODE = YES;
				CLANG_WARN__DUPLICATE_METHOD_MATCH = YES;
				COPY_PHASE_STRIP = NO;
				DEBUG_INFORMATION_FORMAT = dwarf;
				ENABLE_STRICT_OBJC_MSGSEND = YES;
				ENABLE_TESTABILITY = YES;
				ENABLE_USER_SCRIPT_SANDBOXING = NO;
				GCC_C_LANGUAGE_STANDARD = gnu17;
				GCC_DYNAMIC_NO_PIC = NO;
				GCC_NO_COMMON_BLOCKS = YES;
				GCC_OPTIMIZATION_LEVEL = 0;
				GCC_PREPROCESSOR_DEFINITIONS = (
					"DEBUG=1",
					"$(inherited)",
				);
				GCC_WARN_64_TO_32_BIT_CONVERSION = YES;
				GCC_WARN_ABOUT_RETURN_TYPE = YES_ERROR;
				GCC_WARN_UNDECLARED_SELECTOR = YES;
				GCC_WARN_UNINITIALIZED_AUTOS = YES_AGGRESSIVE;
				GCC_WARN_UNUSED_FUNCTION = YES;
				GCC_WARN_UNUSED_VARIABLE = YES;
				LOCALIZATION_PREFERS_STRING_CATALOGS = YES;
				MACOSX_DEPLOYMENT_TARGET = 13.0;
				MTL_ENABLE_DEBUG_INFO = INCLUDE_SOURCE;
				MTL_FAST_MATH = YES;
				ONLY_ACTIVE_ARCH = YES;
				SDKROOT = macosx;
				SWIFT_ACTIVE_COMPILATION_CONDITIONS = "$(inherited)";
				SWIFT_INCLUDE_PATHS = "$(inherited) $(DERIVED_SOURCES_DIR)/uniffi";
				SWIFT_INCLUDE_PATHS = "$(inherited) $(DERIVED_SOURCES_DIR)/uniffi";
				SWIFT_OPTIMIZATION_LEVEL = "-Onone";
			};
			name = Debug;
		};
		A10000000000000000000026 /* Release */ = {
			isa = XCBuildConfiguration;
			buildSettings = {
				ALWAYS_SEARCH_USER_PATHS = NO;
				ASSETCATALOG_COMPILER_GENERATE_SWIFT_ASSET_SYMBOL_EXTENSIONS = YES;
				CLANG_ANALYZER_NONNULL = YES;
				CLANG_ANALYZER_NUMBER_OBJECT_CONVERSION = YES_AGGRESSIVE;
				CLANG_CXX_LANGUAGE_STANDARD = "gnu++20";
				CLANG_ENABLE_MODULES = YES;
				HEADER_SEARCH_PATHS = "$(inherited) $(PROJECT_DIR)/QualifiedApp/Generated";
				OTHER_SWIFT_FLAGS = "$(inherited) -Xcc -fmodule-map-file=$(PROJECT_DIR)/QualifiedApp/Generated/quantified_coreFFI.modulemap";
				CLANG_ENABLE_OBJC_ARC = YES;
				CLANG_ENABLE_OBJC_WEAK = YES;
				CLANG_WARN_BLOCK_CAPTURE_AUTORELEASING = YES;
				CLANG_WARN_BOOL_CONVERSION = YES;
				CLANG_WARN_COMMA = YES;
				CLANG_WARN_CONSTANT_CONVERSION = YES;
				CLANG_WARN_DEPRECATED_OBJC_IMPLEMENTATIONS = YES;
				CLANG_WARN_DIRECT_OBJC_ISA_USAGE = YES_ERROR;
				CLANG_WARN_DOCUMENTATION_COMMENTS = YES;
				CLANG_WARN_EMPTY_BODY = YES;
				CLANG_WARN_ENUM_CONVERSION = YES;
				CLANG_WARN_INFINITE_RECURSION = YES;
				CLANG_WARN_INT_CONVERSION = YES;
				CLANG_WARN_NON_LITERAL_NULL_CONVERSION = YES;
				CLANG_WARN_OBJC_IMPLICIT_RETAIN_SELF = YES;
				CLANG_WARN_OBJC_LITERAL_CONVERSION = YES;
				CLANG_WARN_OBJC_ROOT_CLASS = YES_ERROR;
				CLANG_WARN_QUOTED_INCLUDE_IN_FRAMEWORK_HEADER = YES;
				CLANG_WARN_RANGE_LOOP_ANALYSIS = YES;
				CLANG_WARN_STRICT_PROTOTYPES = YES;
				CLANG_WARN_SUSPICIOUS_MOVE = YES;
				CLANG_WARN_UNGUARDED_AVAILABILITY = YES_AGGRESSIVE;
				CLANG_WARN_UNREACHABLE_CODE = YES;
				CLANG_WARN__DUPLICATE_METHOD_MATCH = YES;
				COPY_PHASE_STRIP = NO;
				DEBUG_INFORMATION_FORMAT = "dwarf-with-dsym";
				ENABLE_NS_ASSERTIONS = NO;
				ENABLE_STRICT_OBJC_MSGSEND = YES;
				ENABLE_USER_SCRIPT_SANDBOXING = NO;
				GCC_C_LANGUAGE_STANDARD = gnu17;
				GCC_NO_COMMON_BLOCKS = YES;
				GCC_WARN_64_TO_32_BIT_CONVERSION = YES;
				GCC_WARN_ABOUT_RETURN_TYPE = YES_ERROR;
				GCC_WARN_UNDECLARED_SELECTOR = YES;
				GCC_WARN_UNINITIALIZED_AUTOS = YES_AGGRESSIVE;
				GCC_WARN_UNUSED_FUNCTION = YES;
				GCC_WARN_UNUSED_VARIABLE = YES;
				LOCALIZATION_PREFERS_STRING_CATALOGS = YES;
				MACOSX_DEPLOYMENT_TARGET = 13.0;
				MTL_ENABLE_DEBUG_INFO = NO;
				MTL_FAST_MATH = YES;
				SDKROOT = macosx;
				SWIFT_COMPILATION_MODE = wholemodule;
			};
			name = Release;
		};
		A10000000000000000000027 /* Debug */ = {
			isa = XCBuildConfiguration;
			buildSettings = {
				ASSETCATALOG_COMPILER_APPICON_NAME = AppIcon;
				ASSETCATALOG_COMPILER_GLOBAL_ACCENT_COLOR_NAME = AccentColor;
				CODE_SIGN_ENTITLEMENTS = QualifiedApp/QualifiedApp.entitlements;
				CODE_SIGN_STYLE = Automatic;
				COMBINE_HIDPI_IMAGES = YES;
				CURRENT_PROJECT_VERSION = 1;
				DEVELOPMENT_ASSET_PATHS = "";
				ENABLE_PREVIEWS = YES;
				FRAMEWORK_SEARCH_PATHS = (
					"$(inherited)",
					"$(BUILT_PRODUCTS_DIR)/$(PRODUCT_NAME).app/Contents/Frameworks",
				);
				LIBRARY_SEARCH_PATHS = (
					"$(inherited)",
					"$(BUILT_PRODUCTS_DIR)/$(PRODUCT_NAME).app/Contents/Frameworks",
				);
				INFOPLIST_FILE = QualifiedApp/Info.plist;
				INFOPLIST_KEY_NSHumanReadableCopyright = "";
				LD_RUNPATH_SEARCH_PATHS = (
					"$(inherited)",
					"@executable_path/../Frameworks",
				);
				MARKETING_VERSION = 1.0;
				PRODUCT_BUNDLE_IDENTIFIER = com.qualified.QualifiedApp;
				PRODUCT_NAME = "$(TARGET_NAME)";
				SWIFT_EMIT_LOC_STRINGS = YES;
				SWIFT_VERSION = 5.0;
			};
			name = Debug;
		};
		A10000000000000000000028 /* Release */ = {
			isa = XCBuildConfiguration;
			buildSettings = {
				ASSETCATALOG_COMPILER_APPICON_NAME = AppIcon;
				ASSETCATALOG_COMPILER_GLOBAL_ACCENT_COLOR_NAME = AccentColor;
				CODE_SIGN_ENTITLEMENTS = QualifiedApp/QualifiedApp.entitlements;
				CODE_SIGN_STYLE = Automatic;
				COMBINE_HIDPI_IMAGES = YES;
				CURRENT_PROJECT_VERSION = 1;
				DEVELOPMENT_ASSET_PATHS = "";
				ENABLE_PREVIEWS = YES;
				FRAMEWORK_SEARCH_PATHS = (
					"$(inherited)",
					"$(BUILT_PRODUCTS_DIR)/$(PRODUCT_NAME).app/Contents/Frameworks",
				);
				LIBRARY_SEARCH_PATHS = (
					"$(inherited)",
					"$(BUILT_PRODUCTS_DIR)/$(PRODUCT_NAME).app/Contents/Frameworks",
				);
				INFOPLIST_FILE = QualifiedApp/Info.plist;
				INFOPLIST_KEY_NSHumanReadableCopyright = "";
				LD_RUNPATH_SEARCH_PATHS = (
					"$(inherited)",
					"@executable_path/../Frameworks",
				);
				MARKETING_VERSION = 1.0;
				PRODUCT_BUNDLE_IDENTIFIER = com.qualified.QualifiedApp;
				PRODUCT_NAME = "$(TARGET_NAME)";
				SWIFT_EMIT_LOC_STRINGS = YES;
				SWIFT_VERSION = 5.0;
			};
			name = Release;
		};
/* End XCBuildConfiguration section */

/* Begin XCConfigurationList section */
		A10000000000000000000020 /* Build configuration list for PBXNativeTarget "QualifiedApp" */ = {
			isa = XCConfigurationList;
			buildConfigurations = (
				A10000000000000000000027 /* Debug */,
				A10000000000000000000028 /* Release */,
			);
			defaultConfigurationIsVisible = 0;
			defaultConfigurationName = Release;
		};
		A10000000000000000000024 /* Build configuration list for PBXProject "QualifiedApp" */ = {
			isa = XCConfigurationList;
			buildConfigurations = (
				A10000000000000000000025 /* Debug */,
				A10000000000000000000026 /* Release */,
			);
			defaultConfigurationIsVisible = 0;
			defaultConfigurationName = Release;
		};
/* End XCConfigurationList section */
	};
	rootObject = A10000000000000000000023 /* Project object */;
}
